
Microsoft Visual Studio Solution File, Format Version 12.00
# Visual Studio Version 16
VisualStudioVersion = 16.0.30804.86
MinimumVisualStudioVersion = 10.0.40219.1
Project("{8BC9CEB8-8B4A-11D0-8D11-00A0C91BC942}") = "Arclight", "Arclight.vcxproj", "{ECCFCC8E-4718-4D81-8F93-E53F2205AB14}"
EndProject
Global
	GlobalSection(SolutionConfigurationPlatforms) = preSolution
		Debug|x64 = Debug|x64
		Debug|x86 = Debug|x86
		Release|x64 = Release|x64
		Release|x86 = Release|x86
	EndGlobalSection
	GlobalSection(ProjectConfigurationPlatforms) = postSolution
		{ECCFCC8E-4718-4D81-8F93-E53F2205AB14}.Debug|x64.ActiveCfg = Debug|x64
		{ECCFCC8E-4718-4D81-8F93-E53F2205AB14}.Debug|x64.Build.0 = Debug|x64
		{ECCFCC8E-4718-4D81-8F93-E53F2205AB14}.Debug|x86.ActiveCfg = Debug|Win32
		{ECCFCC8E-4718-4D81-8F93-E53F2205AB14}.Debug|x86.Build.0 = Debug|Win32
		{ECCFCC8E-4718-4D81-8F93-E53F2205AB14}.Release|x64.ActiveCfg = Release|x64
		{ECCFCC8E-4718-4D81-8F93-E53F2205AB14}.Release|x64.Build.0 = Release|x64
		{ECCFCC8E-4718-4D81-8F93-E53F2205AB14}.Release|x86.ActiveCfg = Release|Win32
		{ECCFCC8E-4718-4D81-8F93-E53F2205AB14}.Release|x86.Build.0 = Release|Win32
	EndGlobalSection
	GlobalSection(SolutionProperties) = preSolution
		HideSolutionNode = FALSE
	EndGlobalSection
	GlobalSection(ExtensibilityGlobals) = postSolution
		SolutionGuid = {A6E2D1D7-6DF6-456B-9ED7-EF97267834DE}
	EndGlobalSection
EndGlobal
